{
  "name": "smartlab-mvp",
  "version": "0.1.0",
  "lockfileVersion": 3,
  "requires": true,
  "packages": {
    "": {
      "name": "smartlab-mvp",
      "version": "0.1.0",
      "dependencies": {
        "next": "16.0.10",
        "react": "19.2.0",
        "react-dom": "19.2.0"
      }
    },
    "node_modules/next": {
      "version": "16.0.10",
      "integrity": "sha512-xxxxxxxxxxxxxxxxxxxxxxxxxxxxxxxxxxxxxxxxxxxxxxxxxx",
      "peerDependencies": {
        "react": "^18.2.0 || ^19.0.0",
        "react-dom": "^18.2.0 || ^19.0.0"
      }
    }
  }
}
